
Microsoft Visual Studio Solution File, Format Version 12.00
# Visual Studio Version 16
VisualStudioVersion = 16.0.30517.126
MinimumVisualStudioVersion = 10.0.40219.1
Project("{9A19103F-16F7-4668-BE54-9A1E7A4F7556}") = "PortfolioExample", "PortfolioExample.csproj", "{5C853BC4-304C-465B-8DC9-88476975FA91}"
EndProject
Project("{00D1A9C2-B5F0-4AF3-8072-F6C62B433612}") = "Database", "..\Database\Database.sqlproj", "{6A0BDC8E-2794-4F89-8A96-06288A93A7EA}"
EndProject
Global
	GlobalSection(SolutionConfigurationPlatforms) = preSolution
		Debug|Any CPU = Debug|Any CPU
		Release|Any CPU = Release|Any CPU
	EndGlobalSection
	GlobalSection(ProjectConfigurationPlatforms) = postSolution
		{5C853BC4-304C-465B-8DC9-88476975FA91}.Debug|Any CPU.ActiveCfg = Debug|Any CPU
		{5C853BC4-304C-465B-8DC9-88476975FA91}.Debug|Any CPU.Build.0 = Debug|Any CPU
		{5C853BC4-304C-465B-8DC9-88476975FA91}.Release|Any CPU.ActiveCfg = Release|Any CPU
		{5C853BC4-304C-465B-8DC9-88476975FA91}.Release|Any CPU.Build.0 = Release|Any CPU
		{6A0BDC8E-2794-4F89-8A96-06288A93A7EA}.Debug|Any CPU.ActiveCfg = Debug|Any CPU
		{6A0BDC8E-2794-4F89-8A96-06288A93A7EA}.Debug|Any CPU.Build.0 = Debug|Any CPU
		{6A0BDC8E-2794-4F89-8A96-06288A93A7EA}.Debug|Any CPU.Deploy.0 = Debug|Any CPU
		{6A0BDC8E-2794-4F89-8A96-06288A93A7EA}.Release|Any CPU.ActiveCfg = Release|Any CPU
		{6A0BDC8E-2794-4F89-8A96-06288A93A7EA}.Release|Any CPU.Build.0 = Release|Any CPU
		{6A0BDC8E-2794-4F89-8A96-06288A93A7EA}.Release|Any CPU.Deploy.0 = Release|Any CPU
	EndGlobalSection
	GlobalSection(SolutionProperties) = preSolution
		HideSolutionNode = FALSE
	EndGlobalSection
	GlobalSection(ExtensibilityGlobals) = postSolution
		SolutionGuid = {2361E219-3897-4CB6-A7B7-793E4668CED9}
	EndGlobalSection
EndGlobal
